[data]
path = "../../data/wit"
sha256 = "dddba43c42b9eb4803f36f981e394a2b5d33fd9265c7c839e15dbbd0f603e2dc"
sha512 = "f267a2e62a23d60e758819470141b592cc11c2818f953f057e9c3a66b25e86a59e629388e1a67aaca5647b03382a470fd4aa41277bbcc47dd6a73fbca9513a04"

[io]
path = "../../io/wit"
sha256 = "3d6c8ae11439a90d1260d64030dc9ac003a72f2f7277df787b95c5a8f54d7474"
sha512 = "87c77c5a22fdc2c9850ff9e6672f94a86c7c32a6f665d714caca5613f6bc2a1cca76d7ebb26ddf3bae80c32d5d692baab803aff61207aaaa87ffdbd8e6cdc109"
