[data]
path = "../../data/wit"
sha256 = "b93d91cb5ad0ba9cf69b3b85e8dbcbccbeb2bab3a7bf5716613e5ffcf9a83b4a"
sha512 = "db33072c07f5433c8f9c45f7fd21c5e984d393ab922cf6c52564e72a6fa6e3f3df86369a1167dda116328dfb3c599553e7607b5ce48a4f7f7cf85aa77292b9f0"

[io]
path = "../../io/wit"
sha256 = "3d6c8ae11439a90d1260d64030dc9ac003a72f2f7277df787b95c5a8f54d7474"
sha512 = "87c77c5a22fdc2c9850ff9e6672f94a86c7c32a6f665d714caca5613f6bc2a1cca76d7ebb26ddf3bae80c32d5d692baab803aff61207aaaa87ffdbd8e6cdc109"
